<?xml version="1.0" encoding="utf-8"?>
<Project ToolsVersion="4.0" xmlns="http://schemas.microsoft.com/developer/msbuild/2003">
  <ItemGroup>
    <ClCompile Include="QuicksortMain.cpp">
      <Filter>Source Files</Filter>
    </ClCompile>
  </ItemGroup>
  <ItemGroup>
    <ClInclude Include="OpenCLUtils.h">
      <Filter>Header Files</Filter>
    </ClInclude>
    <ClInclude Include="Quicksort.h">
      <Filter>Source Files</Filter>
    </ClInclude>
  </ItemGroup>
  <ItemGroup>
    <None Include="QuicksortKernels.cl" />
  </ItemGroup>
  <ItemGroup>
    <Filter Include="Source Files">
      <UniqueIdentifier>{BAC9BA8C-4463-4B18-BB7D-573D901F6A1C}</UniqueIdentifier>
    </Filter>
    <Filter Include="Header Files">
      <UniqueIdentifier>{F4197590-1670-42C8-BCCE-C5FB0AC0D14F}</UniqueIdentifier>
    </Filter>
  </ItemGroup>
</Project>